
Microsoft Visual Studio Solution File, Format Version 12.00
# Visual Studio Version 17
Project("{2150E333-8FDC-42A3-9474-1A3956D46DE8}") = "CMakePredefinedTargets", "CMakePredefinedTargets", "{16C07530-E00C-3293-B75A-590CBE28DD09}"
EndProject
Project("{8BC9CEB8-8B4A-11D0-8D11-00A0C91BC942}") = "Harmony", "Harmony.vcxproj", "{21807EAE-0340-3EDC-BC42-864DB67EFF32}"
	ProjectSection(ProjectDependencies) = postProject
		{30067982-510C-3045-9C57-EC1FFC0CFCFB} = {30067982-510C-3045-9C57-EC1FFC0CFCFB}
	EndProjectSection
EndProject
Project("{8BC9CEB8-8B4A-11D0-8D11-00A0C91BC942}") = "ALL_BUILD", "ALL_BUILD.vcxproj", "{B085C98E-49B1-3A09-B0A8-D7FE5A64B823}"
	ProjectSection(ProjectDependencies) = postProject
		{21807EAE-0340-3EDC-BC42-864DB67EFF32} = {21807EAE-0340-3EDC-BC42-864DB67EFF32}
		{30067982-510C-3045-9C57-EC1FFC0CFCFB} = {30067982-510C-3045-9C57-EC1FFC0CFCFB}
	EndProjectSection
EndProject
Project("{8BC9CEB8-8B4A-11D0-8D11-00A0C91BC942}") = "ZERO_CHECK", "ZERO_CHECK.vcxproj", "{30067982-510C-3045-9C57-EC1FFC0CFCFB}"
	ProjectSection(ProjectDependencies) = postProject
	EndProjectSection
EndProject
Global
	GlobalSection(SolutionConfigurationPlatforms) = preSolution
		Debug|x64 = Debug|x64
		Release|x64 = Release|x64
		MinSizeRel|x64 = MinSizeRel|x64
		RelWithDebInfo|x64 = RelWithDebInfo|x64
	EndGlobalSection
	GlobalSection(ProjectConfigurationPlatforms) = postSolution
		{21807EAE-0340-3EDC-BC42-864DB67EFF32}.Debug|x64.ActiveCfg = Debug|x64
		{21807EAE-0340-3EDC-BC42-864DB67EFF32}.Debug|x64.Build.0 = Debug|x64
		{21807EAE-0340-3EDC-BC42-864DB67EFF32}.Release|x64.ActiveCfg = Release|x64
		{21807EAE-0340-3EDC-BC42-864DB67EFF32}.Release|x64.Build.0 = Release|x64
		{21807EAE-0340-3EDC-BC42-864DB67EFF32}.MinSizeRel|x64.ActiveCfg = MinSizeRel|x64
		{21807EAE-0340-3EDC-BC42-864DB67EFF32}.MinSizeRel|x64.Build.0 = MinSizeRel|x64
		{21807EAE-0340-3EDC-BC42-864DB67EFF32}.RelWithDebInfo|x64.ActiveCfg = RelWithDebInfo|x64
		{21807EAE-0340-3EDC-BC42-864DB67EFF32}.RelWithDebInfo|x64.Build.0 = RelWithDebInfo|x64
		{B085C98E-49B1-3A09-B0A8-D7FE5A64B823}.Debug|x64.ActiveCfg = Debug|x64
		{B085C98E-49B1-3A09-B0A8-D7FE5A64B823}.Release|x64.ActiveCfg = Release|x64
		{B085C98E-49B1-3A09-B0A8-D7FE5A64B823}.MinSizeRel|x64.ActiveCfg = MinSizeRel|x64
		{B085C98E-49B1-3A09-B0A8-D7FE5A64B823}.RelWithDebInfo|x64.ActiveCfg = RelWithDebInfo|x64
		{30067982-510C-3045-9C57-EC1FFC0CFCFB}.Debug|x64.ActiveCfg = Debug|x64
		{30067982-510C-3045-9C57-EC1FFC0CFCFB}.Debug|x64.Build.0 = Debug|x64
		{30067982-510C-3045-9C57-EC1FFC0CFCFB}.Release|x64.ActiveCfg = Release|x64
		{30067982-510C-3045-9C57-EC1FFC0CFCFB}.Release|x64.Build.0 = Release|x64
		{30067982-510C-3045-9C57-EC1FFC0CFCFB}.MinSizeRel|x64.ActiveCfg = MinSizeRel|x64
		{30067982-510C-3045-9C57-EC1FFC0CFCFB}.MinSizeRel|x64.Build.0 = MinSizeRel|x64
		{30067982-510C-3045-9C57-EC1FFC0CFCFB}.RelWithDebInfo|x64.ActiveCfg = RelWithDebInfo|x64
		{30067982-510C-3045-9C57-EC1FFC0CFCFB}.RelWithDebInfo|x64.Build.0 = RelWithDebInfo|x64
	EndGlobalSection
	GlobalSection(NestedProjects) = preSolution
		{B085C98E-49B1-3A09-B0A8-D7FE5A64B823} = {16C07530-E00C-3293-B75A-590CBE28DD09}
		{30067982-510C-3045-9C57-EC1FFC0CFCFB} = {16C07530-E00C-3293-B75A-590CBE28DD09}
	EndGlobalSection
	GlobalSection(ExtensibilityGlobals) = postSolution
		SolutionGuid = {25671E25-C1E1-3B9D-8596-7277F3951C51}
	EndGlobalSection
	GlobalSection(ExtensibilityAddIns) = postSolution
	EndGlobalSection
EndGlobal
