<?xml version="1.0" encoding="utf-8"?>
<Project ToolsVersion="4.0" xmlns="http://schemas.microsoft.com/developer/msbuild/2003">
  <ItemGroup>
    <Filter Include="Source Files">
      <UniqueIdentifier>{4FC737F1-C7A5-4376-A066-2A32D752A2FF}</UniqueIdentifier>
      <Extensions>cpp;c;cc;cxx;def;odl;idl;hpj;bat;asm;asmx</Extensions>
    </Filter>
    <Filter Include="Header Files">
      <UniqueIdentifier>{93995380-89BD-4b04-88EB-625FBE52EBFB}</UniqueIdentifier>
      <Extensions>h;hh;hpp;hxx;hm;inl;inc;ipp;xsd</Extensions>
    </Filter>
    <Filter Include="Resource Files">
      <UniqueIdentifier>{67DA6AB6-F800-4c08-8B7A-83BB121AAD01}</UniqueIdentifier>
      <Extensions>rc;ico;cur;bmp;dlg;rc2;rct;bin;rgs;gif;jpg;jpeg;jpe;resx;tiff;tif;png;wav;mfcribbon-ms</Extensions>
    </Filter>
    <Filter Include="Source Files\Elements">
      <UniqueIdentifier>{64c8c335-21e9-4b1a-abf6-2bcccc70513f}</UniqueIdentifier>
    </Filter>
    <Filter Include="Header Files\Elements">
      <UniqueIdentifier>{0ca1c3a1-1175-43b6-bee9-de8b833fda62}</UniqueIdentifier>
    </Filter>
    <Filter Include="Source Files\Elements\Converter">
      <UniqueIdentifier>{055d7132-3785-40c4-8665-e4b6c9181f2a}</UniqueIdentifier>
    </Filter>
    <Filter Include="Source Files\Elements\Impedance">
      <UniqueIdentifier>{001a6f93-2150-4667-bb3d-f0549beba0b5}</UniqueIdentifier>
    </Filter>
    <Filter Include="Header Files\Elements\Impedance">
      <UniqueIdentifier>{296bb80f-9575-4255-9a40-8d3448d9f2f4}</UniqueIdentifier>
    </Filter>
    <Filter Include="Source Files\Elements\Transmission_line">
      <UniqueIdentifier>{f3934476-df2a-44ed-a3dc-9d1fcc7707a9}</UniqueIdentifier>
    </Filter>
    <Filter Include="Header Files\Elements\Transmission_line">
      <UniqueIdentifier>{0c069cf1-a49a-4bc4-8600-73ef65718a70}</UniqueIdentifier>
    </Filter>
    <Filter Include="Source Files\Elements\Tools">
      <UniqueIdentifier>{81e7edd4-fe3d-42df-a2b3-a7e649b4df6a}</UniqueIdentifier>
    </Filter>
    <Filter Include="Header Files\Elements\Tools">
      <UniqueIdentifier>{9779be3d-05cb-45b6-9189-5d9c7f29e71b}</UniqueIdentifier>
    </Filter>
    <Filter Include="Source Files\Elements\Generator">
      <UniqueIdentifier>{31a1eb71-0a46-45ce-becd-e8645b8e4be0}</UniqueIdentifier>
    </Filter>
    <Filter Include="Header Files\Elements\Admittance">
      <UniqueIdentifier>{ea77ca02-1507-43d0-b556-811869680c86}</UniqueIdentifier>
    </Filter>
    <Filter Include="Source Files\Elements\Admittance">
      <UniqueIdentifier>{741f081e-a1aa-43a5-8304-5c335091b715}</UniqueIdentifier>
    </Filter>
    <Filter Include="Header Files\Elements\Source">
      <UniqueIdentifier>{4ae9f8c2-d2c2-4020-83d5-0478524b4b87}</UniqueIdentifier>
    </Filter>
    <Filter Include="Header Files\Elements\Generator">
      <UniqueIdentifier>{5b3de7fe-51f8-4d76-b655-6694558d975b}</UniqueIdentifier>
    </Filter>
    <Filter Include="Source Files\Elements\Source">
      <UniqueIdentifier>{8f2539f8-ec43-419a-8667-90bc20294b17}</UniqueIdentifier>
    </Filter>
    <Filter Include="Source Files\Elements\Transformer">
      <UniqueIdentifier>{8dd45a96-fb85-467c-9cb4-a98fa6f2a461}</UniqueIdentifier>
    </Filter>
    <Filter Include="Header Files\Elements\Transformer">
      <UniqueIdentifier>{bd2551ed-9232-4979-ae56-da8134956604}</UniqueIdentifier>
    </Filter>
  </ItemGroup>
  <ItemGroup>
    <ClCompile Include="main.cpp">
      <Filter>Source Files</Filter>
    </ClCompile>
    <ClCompile Include="Impedance.cpp">
      <Filter>Source Files\Elements\Impedance</Filter>
    </ClCompile>
    <ClCompile Include="Cable.cpp">
      <Filter>Source Files\Elements\Transmission_line</Filter>
    </ClCompile>
    <ClCompile Include="overhead_line.cpp">
      <Filter>Source Files\Elements\Transmission_line</Filter>
    </ClCompile>
    <ClCompile Include="Transmissionline.cpp">
      <Filter>Source Files\Elements\Transmission_line</Filter>
    </ClCompile>
    <ClCompile Include="Eval_parameter.cpp">
      <Filter>Source Files\Elements\Transmission_line</Filter>
    </ClCompile>
    <ClCompile Include="Element.cpp">
      <Filter>Source Files\Elements</Filter>
    </ClCompile>
    <ClCompile Include="Generator.cpp">
      <Filter>Source Files\Elements\Generator</Filter>
    </ClCompile>
    <ClCompile Include="Constants.cpp">
      <Filter>Source Files</Filter>
    </ClCompile>
    <ClCompile Include="Bus.cpp">
      <Filter>Source Files</Filter>
    </ClCompile>
    <ClCompile Include="network.cpp">
      <Filter>Source Files</Filter>
    </ClCompile>
    <ClCompile Include="Admittance.cpp">
      <Filter>Source Files\Elements\Admittance</Filter>
    </ClCompile>
    <ClCompile Include="AC_source.cpp">
      <Filter>Source Files\Elements\Source</Filter>
    </ClCompile>
    <ClCompile Include="AC_source.cpp">
      <Filter>Source Files</Filter>
    </ClCompile>
    <ClCompile Include="AC_source.cpp">
      <Filter>Source Files</Filter>
    </ClCompile>
    <ClCompile Include="AC_source.cpp">
      <Filter>Source Files</Filter>
    </ClCompile>
    <ClCompile Include="Transformer.cpp">
      <Filter>Source Files\Elements\Transformer</Filter>
    </ClCompile>
    <ClCompile Include="AC_source.cpp">
      <Filter>Source Files\Elements\Source</Filter>
    </ClCompile>
    <ClCompile Include="Load.cpp">
      <Filter>Source Files\Elements\Impedance</Filter>
    </ClCompile>
    <ClCompile Include="Transformer_Delta_Delta.cpp">
      <Filter>Source Files\Elements\Transformer</Filter>
    </ClCompile>
    <ClCompile Include="Transformer_Y_Delta.cpp">
      <Filter>Source Files\Elements\Transformer</Filter>
    </ClCompile>
    <ClCompile Include="Transformer_Delta_Y.cpp">
      <Filter>Source Files\Elements\Transformer</Filter>
    </ClCompile>
    <ClCompile Include="Transformer_Y_Y.cpp">
      <Filter>Source Files\Elements\Transformer</Filter>
    </ClCompile>
    <ClCompile Include="Transformer_base.cpp">
      <Filter>Source Files\Elements\Transformer</Filter>
    </ClCompile>
  </ItemGroup>
  <ItemGroup>
    <ClInclude Include="Impedance.h">
      <Filter>Header Files\Elements\Impedance</Filter>
    </ClInclude>
    <ClInclude Include="Cable.h">
      <Filter>Header Files\Elements\Transmission_line</Filter>
    </ClInclude>
    <ClInclude Include="Constants.h">
      <Filter>Header Files</Filter>
    </ClInclude>
    <ClInclude Include="network.h">
      <Filter>Header Files</Filter>
    </ClInclude>
    <ClInclude Include="overhead_line.h">
      <Filter>Header Files\Elements\Transmission_line</Filter>
    </ClInclude>
    <ClInclude Include="symengine_n.h">
      <Filter>Header Files</Filter>
    </ClInclude>
    <ClInclude Include="eval_parameter.h">
      <Filter>Header Files\Elements\Transmission_line</Filter>
    </ClInclude>
    <ClInclude Include="Transmissionline.h">
      <Filter>Header Files\Elements\Transmission_line</Filter>
    </ClInclude>
    <ClInclude Include="Element.h">
      <Filter>Header Files\Elements</Filter>
    </ClInclude>
    <ClInclude Include="Generator.h">
      <Filter>Header Files\Elements\Generator</Filter>
    </ClInclude>
    <ClInclude Include="Bus.h">
      <Filter>Header Files</Filter>
    </ClInclude>
    <ClInclude Include="Admittance.h">
      <Filter>Header Files\Elements\Admittance</Filter>
    </ClInclude>
    <ClInclude Include="AC_source.h">
      <Filter>Header Files\Elements\Source</Filter>
    </ClInclude>
    <ClInclude Include="AC_source.h">
      <Filter>Header Files</Filter>
    </ClInclude>
    <ClInclude Include="AC_source.h">
      <Filter>Header Files</Filter>
    </ClInclude>
    <ClInclude Include="Include_components.h">
      <Filter>Header Files</Filter>
    </ClInclude>
    <ClInclude Include="AC_source.h">
      <Filter>Header Files</Filter>
    </ClInclude>
    <ClInclude Include="AC_source.h">
      <Filter>Header Files</Filter>
    </ClInclude>
    <ClInclude Include="Transformer.h">
      <Filter>Header Files\Elements\Transformer</Filter>
    </ClInclude>
    <ClInclude Include="AC_source.h">
      <Filter>Header Files\Elements\Source</Filter>
    </ClInclude>
    <ClInclude Include="Load.h">
      <Filter>Header Files\Elements\Impedance</Filter>
    </ClInclude>
    <ClInclude Include="Transformer_Delta_Delta.h">
      <Filter>Header Files\Elements\Transformer</Filter>
    </ClInclude>
    <ClInclude Include="Transformer_Y_Delta.h">
      <Filter>Header Files\Elements\Transformer</Filter>
    </ClInclude>
    <ClInclude Include="Transformer_Delta_Y.h">
      <Filter>Header Files\Elements\Transformer</Filter>
    </ClInclude>
    <ClInclude Include="Transformer_Y_Y.h">
      <Filter>Header Files\Elements\Transformer</Filter>
    </ClInclude>
    <ClInclude Include="Transformer_base.h">
      <Filter>Header Files\Elements\Transformer</Filter>
    </ClInclude>
  </ItemGroup>
  <ItemGroup>
    <None Include="ClassDiagram2.cd" />
  </ItemGroup>
</Project>